
Microsoft Visual Studio Solution File, Format Version 12.00
Project("{FAE04EC0-301F-11D3-BF4B-00C04F79EFBC}") = "DIME", "DIME\DIME.csproj", "{EF7419BD-9E0C-4C37-A854-184082C90B0E}"
EndProject
Global
	GlobalSection(SolutionConfigurationPlatforms) = preSolution
		Debug|Any CPU = Debug|Any CPU
		Release|Any CPU = Release|Any CPU
		MqttMotors|Any CPU = MqttMotors|Any CPU
		PostgresReads|Any CPU = PostgresReads|Any CPU
		MsSqlReads|Any CPU = MsSqlReads|Any CPU
		MtConnectAgentModel|Any CPU = MtConnectAgentModel|Any CPU
		MtConnectShdrModel|Any CPU = MtConnectShdrModel|Any CPU
		HttpClientWrites|Any CPU = HttpClientWrites|Any CPU
		WikiEx1|Any CPU = WikiEx1|Any CPU
	EndGlobalSection
	GlobalSection(ProjectConfigurationPlatforms) = postSolution
		{EF7419BD-9E0C-4C37-A854-184082C90B0E}.Debug|Any CPU.ActiveCfg = Debug|Any CPU
		{EF7419BD-9E0C-4C37-A854-184082C90B0E}.Debug|Any CPU.Build.0 = Debug|Any CPU
		{EF7419BD-9E0C-4C37-A854-184082C90B0E}.Release|Any CPU.ActiveCfg = Release|Any CPU
		{EF7419BD-9E0C-4C37-A854-184082C90B0E}.Release|Any CPU.Build.0 = Release|Any CPU
		{EF7419BD-9E0C-4C37-A854-184082C90B0E}.MqttMotors|Any CPU.ActiveCfg = MqttMotors|Any CPU
		{EF7419BD-9E0C-4C37-A854-184082C90B0E}.MqttMotors|Any CPU.Build.0 = MqttMotors|Any CPU
		{EF7419BD-9E0C-4C37-A854-184082C90B0E}.PostgresReads|Any CPU.ActiveCfg = PostgresReads|Any CPU
		{EF7419BD-9E0C-4C37-A854-184082C90B0E}.PostgresReads|Any CPU.Build.0 = PostgresReads|Any CPU
		{EF7419BD-9E0C-4C37-A854-184082C90B0E}.MsSqlReads|Any CPU.ActiveCfg = MsSqlReads|Any CPU
		{EF7419BD-9E0C-4C37-A854-184082C90B0E}.MsSqlReads|Any CPU.Build.0 = MsSqlReads|Any CPU
		{EF7419BD-9E0C-4C37-A854-184082C90B0E}.MtConnectAgentModel|Any CPU.ActiveCfg = MtConnectAgentModel|Any CPU
		{EF7419BD-9E0C-4C37-A854-184082C90B0E}.MtConnectAgentModel|Any CPU.Build.0 = MtConnectAgentModel|Any CPU
		{EF7419BD-9E0C-4C37-A854-184082C90B0E}.MtConnectShdrModel|Any CPU.ActiveCfg = MtConnectShdrModel|Any CPU
		{EF7419BD-9E0C-4C37-A854-184082C90B0E}.MtConnectShdrModel|Any CPU.Build.0 = MtConnectShdrModel|Any CPU
		{EF7419BD-9E0C-4C37-A854-184082C90B0E}.HttpClientWrites|Any CPU.ActiveCfg = HttpClientWrites|Any CPU
		{EF7419BD-9E0C-4C37-A854-184082C90B0E}.HttpClientWrites|Any CPU.Build.0 = HttpClientWrites|Any CPU
		{EF7419BD-9E0C-4C37-A854-184082C90B0E}.WikiEx1|Any CPU.ActiveCfg = WikiEx1|Any CPU
		{EF7419BD-9E0C-4C37-A854-184082C90B0E}.WikiEx1|Any CPU.Build.0 = WikiEx1|Any CPU
	EndGlobalSection
EndGlobal
