
Microsoft Visual Studio Solution File, Format Version 12.00
Project("{FAE04EC0-301F-11D3-BF4B-00C04F79EFBC}") = "DIME", "DIME\DIME.csproj", "{EF7419BD-9E0C-4C37-A854-184082C90B0E}"
EndProject
Global
	GlobalSection(SolutionConfigurationPlatforms) = preSolution
		Debug|Any CPU = Debug|Any CPU
		Release|Any CPU = Release|Any CPU
		MqttMotors|Any CPU = MqttMotors|Any CPU
		PostgresReads|Any CPU = PostgresReads|Any CPU
		MsSqlReads|Any CPU = MsSqlReads|Any CPU
		MtConnectAgentModel|Any CPU = MtConnectAgentModel|Any CPU
		MtConnectShdrModel|Any CPU = MtConnectShdrModel|Any CPU
		HttpClientWrites|Any CPU = HttpClientWrites|Any CPU
		WikiEx1|Any CPU = WikiEx1|Any CPU
		AscCpcReads|Any CPU = AscCpcReads|Any CPU
		AirSharc|Any CPU = AirSharc|Any CPU
		MtConnectAgentToSplunkHec|Any CPU = MtConnectAgentToSplunkHec|Any CPU
		MtConnectAgentToShdr|Any CPU = MtConnectAgentToShdr|Any CPU
		MtConnectAgentToAgent|Any CPU = MtConnectAgentToAgent|Any CPU
		Basic|Any CPU = Basic|Any CPU
		ToIgnition|Any CPU = ToIgnition|Any CPU
		OpcDaReads|Any CPU = OpcDaReads|Any CPU
		OpcUaReads|Any CPU = OpcUaReads|Any CPU
		MqttToWebsocket|Any CPU = MqttToWebsocket|Any CPU
		ChariotApi|Any CPU = ChariotApi|Any CPU
		Tutorial|Any CPU = Tutorial|Any CPU
	EndGlobalSection
	GlobalSection(ProjectConfigurationPlatforms) = postSolution
		{EF7419BD-9E0C-4C37-A854-184082C90B0E}.Debug|Any CPU.ActiveCfg = Debug|Any CPU
		{EF7419BD-9E0C-4C37-A854-184082C90B0E}.Debug|Any CPU.Build.0 = Debug|Any CPU
		{EF7419BD-9E0C-4C37-A854-184082C90B0E}.Release|Any CPU.ActiveCfg = Release|Any CPU
		{EF7419BD-9E0C-4C37-A854-184082C90B0E}.Release|Any CPU.Build.0 = Release|Any CPU
		{EF7419BD-9E0C-4C37-A854-184082C90B0E}.MqttMotors|Any CPU.ActiveCfg = MqttMotors|Any CPU
		{EF7419BD-9E0C-4C37-A854-184082C90B0E}.MqttMotors|Any CPU.Build.0 = MqttMotors|Any CPU
		{EF7419BD-9E0C-4C37-A854-184082C90B0E}.PostgresReads|Any CPU.ActiveCfg = PostgresReads|Any CPU
		{EF7419BD-9E0C-4C37-A854-184082C90B0E}.PostgresReads|Any CPU.Build.0 = PostgresReads|Any CPU
		{EF7419BD-9E0C-4C37-A854-184082C90B0E}.MsSqlReads|Any CPU.ActiveCfg = MsSqlReads|Any CPU
		{EF7419BD-9E0C-4C37-A854-184082C90B0E}.MsSqlReads|Any CPU.Build.0 = MsSqlReads|Any CPU
		{EF7419BD-9E0C-4C37-A854-184082C90B0E}.MtConnectAgentModel|Any CPU.ActiveCfg = MtConnectAgentModel|Any CPU
		{EF7419BD-9E0C-4C37-A854-184082C90B0E}.MtConnectAgentModel|Any CPU.Build.0 = MtConnectAgentModel|Any CPU
		{EF7419BD-9E0C-4C37-A854-184082C90B0E}.MtConnectShdrModel|Any CPU.ActiveCfg = MtConnectShdrModel|Any CPU
		{EF7419BD-9E0C-4C37-A854-184082C90B0E}.MtConnectShdrModel|Any CPU.Build.0 = MtConnectShdrModel|Any CPU
		{EF7419BD-9E0C-4C37-A854-184082C90B0E}.HttpClientWrites|Any CPU.ActiveCfg = HttpClientWrites|Any CPU
		{EF7419BD-9E0C-4C37-A854-184082C90B0E}.HttpClientWrites|Any CPU.Build.0 = HttpClientWrites|Any CPU
		{EF7419BD-9E0C-4C37-A854-184082C90B0E}.WikiEx1|Any CPU.ActiveCfg = WikiEx1|Any CPU
		{EF7419BD-9E0C-4C37-A854-184082C90B0E}.WikiEx1|Any CPU.Build.0 = WikiEx1|Any CPU
		{EF7419BD-9E0C-4C37-A854-184082C90B0E}.AscCpcReads|Any CPU.ActiveCfg = AscCpcReads|Any CPU
		{EF7419BD-9E0C-4C37-A854-184082C90B0E}.AscCpcReads|Any CPU.Build.0 = AscCpcReads|Any CPU
		{EF7419BD-9E0C-4C37-A854-184082C90B0E}.AirSharc|Any CPU.ActiveCfg = AirSharc|Any CPU
		{EF7419BD-9E0C-4C37-A854-184082C90B0E}.AirSharc|Any CPU.Build.0 = AirSharc|Any CPU
		{EF7419BD-9E0C-4C37-A854-184082C90B0E}.MtConnectAgentToSplunkHec|Any CPU.ActiveCfg = MtConnectAgentToSplunkHec|Any CPU
		{EF7419BD-9E0C-4C37-A854-184082C90B0E}.MtConnectAgentToSplunkHec|Any CPU.Build.0 = MtConnectAgentToSplunkHec|Any CPU
		{EF7419BD-9E0C-4C37-A854-184082C90B0E}.MtConnectAgentToShdr|Any CPU.ActiveCfg = MtConnectAgentToShdr|Any CPU
		{EF7419BD-9E0C-4C37-A854-184082C90B0E}.MtConnectAgentToShdr|Any CPU.Build.0 = MtConnectAgentToShdr|Any CPU
		{EF7419BD-9E0C-4C37-A854-184082C90B0E}.MtConnectAgentToAgent|Any CPU.ActiveCfg = MtConnectAgentToAgent|Any CPU
		{EF7419BD-9E0C-4C37-A854-184082C90B0E}.MtConnectAgentToAgent|Any CPU.Build.0 = MtConnectAgentToAgent|Any CPU
		{EF7419BD-9E0C-4C37-A854-184082C90B0E}.Basic|Any CPU.ActiveCfg = Basic|Any CPU
		{EF7419BD-9E0C-4C37-A854-184082C90B0E}.Basic|Any CPU.Build.0 = Basic|Any CPU
		{EF7419BD-9E0C-4C37-A854-184082C90B0E}.ToIgnition|Any CPU.ActiveCfg = ToIgnition|Any CPU
		{EF7419BD-9E0C-4C37-A854-184082C90B0E}.ToIgnition|Any CPU.Build.0 = ToIgnition|Any CPU
		{EF7419BD-9E0C-4C37-A854-184082C90B0E}.OpcDaReads|Any CPU.ActiveCfg = OpcDaReads|Any CPU
		{EF7419BD-9E0C-4C37-A854-184082C90B0E}.OpcDaReads|Any CPU.Build.0 = OpcDaReads|Any CPU
		{EF7419BD-9E0C-4C37-A854-184082C90B0E}.OpcUaReads|Any CPU.ActiveCfg = OpcUaReads|Any CPU
		{EF7419BD-9E0C-4C37-A854-184082C90B0E}.OpcUaReads|Any CPU.Build.0 = OpcUaReads|Any CPU
		{EF7419BD-9E0C-4C37-A854-184082C90B0E}.MqttToWebsocket|Any CPU.ActiveCfg = MqttToWebsocket|Any CPU
		{EF7419BD-9E0C-4C37-A854-184082C90B0E}.MqttToWebsocket|Any CPU.Build.0 = MqttToWebsocket|Any CPU
		{EF7419BD-9E0C-4C37-A854-184082C90B0E}.ChariotApi|Any CPU.ActiveCfg = ChariotApi|Any CPU
		{EF7419BD-9E0C-4C37-A854-184082C90B0E}.ChariotApi|Any CPU.Build.0 = ChariotApi|Any CPU
		{EF7419BD-9E0C-4C37-A854-184082C90B0E}.Tutorial|Any CPU.ActiveCfg = Tutorial|Any CPU
		{EF7419BD-9E0C-4C37-A854-184082C90B0E}.Tutorial|Any CPU.Build.0 = Tutorial|Any CPU
	EndGlobalSection
EndGlobal
